
Microsoft Visual Studio Solution File, Format Version 12.00
# Visual Studio 2012
VisualStudioVersion = 12.0.30501.0
MinimumVisualStudioVersion = 10.0.40219.1
Project("{FAE04EC0-301F-11D3-BF4B-00C04F79EFBC}") = "NuGetFinder", "NuGetFinder\NuGetFinder.csproj", "{413DE4A5-6EB7-4EC3-8A5E-2662A94193D1}"
EndProject
Project("{FAE04EC0-301F-11D3-BF4B-00C04F79EFBC}") = "NuGetFinder.iOS", "NuGetFinder.iOS\NuGetFinder.iOS.csproj", "{62A41301-74C6-4DD7-87D3-CAEB5000F4BA}"
EndProject
Project("{FAE04EC0-301F-11D3-BF4B-00C04F79EFBC}") = "NuGetFinder.Android", "NuGetFinder.Android\NuGetFinder.Android.csproj", "{7B1C65AD-BB4A-4F87-B3AB-46AD4D70C90D}"
EndProject
Project("{FAE04EC0-301F-11D3-BF4B-00C04F79EFBC}") = "NuGetFinder.WinPhone", "NuGetFinder.WinPhone\NuGetFinder.WinPhone.csproj", "{80D430AA-9183-4E98-943B-B64B58694C96}"
EndProject
Project("{2150E333-8FDC-42A3-9474-1A3956D46DE8}") = ".nuget", ".nuget", "{F0D32CCE-DFE1-4117-BC0C-CA1148459219}"
	ProjectSection(SolutionItems) = preProject
		.nuget\NuGet.Config = .nuget\NuGet.Config
		.nuget\NuGet.exe = .nuget\NuGet.exe
		.nuget\NuGet.targets = .nuget\NuGet.targets
	EndProjectSection
EndProject
Global
	GlobalSection(SolutionConfigurationPlatforms) = preSolution
		Ad-Hoc|Any CPU = Ad-Hoc|Any CPU
		Ad-Hoc|ARM = Ad-Hoc|ARM
		Ad-Hoc|iPhone = Ad-Hoc|iPhone
		Ad-Hoc|iPhoneSimulator = Ad-Hoc|iPhoneSimulator
		Ad-Hoc|Mixed Platforms = Ad-Hoc|Mixed Platforms
		Ad-Hoc|x86 = Ad-Hoc|x86
		AppStore|Any CPU = AppStore|Any CPU
		AppStore|ARM = AppStore|ARM
		AppStore|iPhone = AppStore|iPhone
		AppStore|iPhoneSimulator = AppStore|iPhoneSimulator
		AppStore|Mixed Platforms = AppStore|Mixed Platforms
		AppStore|x86 = AppStore|x86
		Debug|Any CPU = Debug|Any CPU
		Debug|ARM = Debug|ARM
		Debug|iPhone = Debug|iPhone
		Debug|iPhoneSimulator = Debug|iPhoneSimulator
		Debug|Mixed Platforms = Debug|Mixed Platforms
		Debug|x86 = Debug|x86
		Release|Any CPU = Release|Any CPU
		Release|ARM = Release|ARM
		Release|iPhone = Release|iPhone
		Release|iPhoneSimulator = Release|iPhoneSimulator
		Release|Mixed Platforms = Release|Mixed Platforms
		Release|x86 = Release|x86
	EndGlobalSection
	GlobalSection(ProjectConfigurationPlatforms) = postSolution
		{413DE4A5-6EB7-4EC3-8A5E-2662A94193D1}.Ad-Hoc|Any CPU.ActiveCfg = Release|Any CPU
		{413DE4A5-6EB7-4EC3-8A5E-2662A94193D1}.Ad-Hoc|Any CPU.Build.0 = Release|Any CPU
		{413DE4A5-6EB7-4EC3-8A5E-2662A94193D1}.Ad-Hoc|ARM.ActiveCfg = Release|Any CPU
		{413DE4A5-6EB7-4EC3-8A5E-2662A94193D1}.Ad-Hoc|iPhone.ActiveCfg = Release|Any CPU
		{413DE4A5-6EB7-4EC3-8A5E-2662A94193D1}.Ad-Hoc|iPhoneSimulator.ActiveCfg = Release|Any CPU
		{413DE4A5-6EB7-4EC3-8A5E-2662A94193D1}.Ad-Hoc|Mixed Platforms.ActiveCfg = Release|Any CPU
		{413DE4A5-6EB7-4EC3-8A5E-2662A94193D1}.Ad-Hoc|Mixed Platforms.Build.0 = Release|Any CPU
		{413DE4A5-6EB7-4EC3-8A5E-2662A94193D1}.Ad-Hoc|x86.ActiveCfg = Release|Any CPU
		{413DE4A5-6EB7-4EC3-8A5E-2662A94193D1}.AppStore|Any CPU.ActiveCfg = Release|Any CPU
		{413DE4A5-6EB7-4EC3-8A5E-2662A94193D1}.AppStore|Any CPU.Build.0 = Release|Any CPU
		{413DE4A5-6EB7-4EC3-8A5E-2662A94193D1}.AppStore|ARM.ActiveCfg = Release|Any CPU
		{413DE4A5-6EB7-4EC3-8A5E-2662A94193D1}.AppStore|iPhone.ActiveCfg = Release|Any CPU
		{413DE4A5-6EB7-4EC3-8A5E-2662A94193D1}.AppStore|iPhoneSimulator.ActiveCfg = Release|Any CPU
		{413DE4A5-6EB7-4EC3-8A5E-2662A94193D1}.AppStore|Mixed Platforms.ActiveCfg = Release|Any CPU
		{413DE4A5-6EB7-4EC3-8A5E-2662A94193D1}.AppStore|Mixed Platforms.Build.0 = Release|Any CPU
		{413DE4A5-6EB7-4EC3-8A5E-2662A94193D1}.AppStore|x86.ActiveCfg = Release|Any CPU
		{413DE4A5-6EB7-4EC3-8A5E-2662A94193D1}.Debug|Any CPU.ActiveCfg = Debug|Any CPU
		{413DE4A5-6EB7-4EC3-8A5E-2662A94193D1}.Debug|Any CPU.Build.0 = Debug|Any CPU
		{413DE4A5-6EB7-4EC3-8A5E-2662A94193D1}.Debug|ARM.ActiveCfg = Debug|Any CPU
		{413DE4A5-6EB7-4EC3-8A5E-2662A94193D1}.Debug|iPhone.ActiveCfg = Debug|Any CPU
		{413DE4A5-6EB7-4EC3-8A5E-2662A94193D1}.Debug|iPhoneSimulator.ActiveCfg = Debug|Any CPU
		{413DE4A5-6EB7-4EC3-8A5E-2662A94193D1}.Debug|Mixed Platforms.ActiveCfg = Debug|Any CPU
		{413DE4A5-6EB7-4EC3-8A5E-2662A94193D1}.Debug|Mixed Platforms.Build.0 = Debug|Any CPU
		{413DE4A5-6EB7-4EC3-8A5E-2662A94193D1}.Debug|x86.ActiveCfg = Debug|Any CPU
		{413DE4A5-6EB7-4EC3-8A5E-2662A94193D1}.Release|Any CPU.ActiveCfg = Release|Any CPU
		{413DE4A5-6EB7-4EC3-8A5E-2662A94193D1}.Release|Any CPU.Build.0 = Release|Any CPU
		{413DE4A5-6EB7-4EC3-8A5E-2662A94193D1}.Release|ARM.ActiveCfg = Release|Any CPU
		{413DE4A5-6EB7-4EC3-8A5E-2662A94193D1}.Release|iPhone.ActiveCfg = Release|Any CPU
		{413DE4A5-6EB7-4EC3-8A5E-2662A94193D1}.Release|iPhoneSimulator.ActiveCfg = Release|Any CPU
		{413DE4A5-6EB7-4EC3-8A5E-2662A94193D1}.Release|Mixed Platforms.ActiveCfg = Release|Any CPU
		{413DE4A5-6EB7-4EC3-8A5E-2662A94193D1}.Release|Mixed Platforms.Build.0 = Release|Any CPU
		{413DE4A5-6EB7-4EC3-8A5E-2662A94193D1}.Release|x86.ActiveCfg = Release|Any CPU
		{62A41301-74C6-4DD7-87D3-CAEB5000F4BA}.Ad-Hoc|Any CPU.ActiveCfg = Ad-Hoc|iPhone
		{62A41301-74C6-4DD7-87D3-CAEB5000F4BA}.Ad-Hoc|ARM.ActiveCfg = Ad-Hoc|iPhone
		{62A41301-74C6-4DD7-87D3-CAEB5000F4BA}.Ad-Hoc|iPhone.ActiveCfg = Ad-Hoc|iPhone
		{62A41301-74C6-4DD7-87D3-CAEB5000F4BA}.Ad-Hoc|iPhone.Build.0 = Ad-Hoc|iPhone
		{62A41301-74C6-4DD7-87D3-CAEB5000F4BA}.Ad-Hoc|iPhone.Deploy.0 = Ad-Hoc|iPhone
		{62A41301-74C6-4DD7-87D3-CAEB5000F4BA}.Ad-Hoc|iPhoneSimulator.ActiveCfg = Ad-Hoc|iPhoneSimulator
		{62A41301-74C6-4DD7-87D3-CAEB5000F4BA}.Ad-Hoc|iPhoneSimulator.Build.0 = Ad-Hoc|iPhoneSimulator
		{62A41301-74C6-4DD7-87D3-CAEB5000F4BA}.Ad-Hoc|iPhoneSimulator.Deploy.0 = Ad-Hoc|iPhoneSimulator
		{62A41301-74C6-4DD7-87D3-CAEB5000F4BA}.Ad-Hoc|Mixed Platforms.ActiveCfg = Ad-Hoc|iPhone
		{62A41301-74C6-4DD7-87D3-CAEB5000F4BA}.Ad-Hoc|Mixed Platforms.Build.0 = Ad-Hoc|iPhone
		{62A41301-74C6-4DD7-87D3-CAEB5000F4BA}.Ad-Hoc|Mixed Platforms.Deploy.0 = Ad-Hoc|iPhone
		{62A41301-74C6-4DD7-87D3-CAEB5000F4BA}.Ad-Hoc|x86.ActiveCfg = Ad-Hoc|iPhone
		{62A41301-74C6-4DD7-87D3-CAEB5000F4BA}.AppStore|Any CPU.ActiveCfg = AppStore|iPhone
		{62A41301-74C6-4DD7-87D3-CAEB5000F4BA}.AppStore|ARM.ActiveCfg = AppStore|iPhone
		{62A41301-74C6-4DD7-87D3-CAEB5000F4BA}.AppStore|iPhone.ActiveCfg = AppStore|iPhone
		{62A41301-74C6-4DD7-87D3-CAEB5000F4BA}.AppStore|iPhone.Build.0 = AppStore|iPhone
		{62A41301-74C6-4DD7-87D3-CAEB5000F4BA}.AppStore|iPhone.Deploy.0 = AppStore|iPhone
		{62A41301-74C6-4DD7-87D3-CAEB5000F4BA}.AppStore|iPhoneSimulator.ActiveCfg = AppStore|iPhoneSimulator
		{62A41301-74C6-4DD7-87D3-CAEB5000F4BA}.AppStore|iPhoneSimulator.Build.0 = AppStore|iPhoneSimulator
		{62A41301-74C6-4DD7-87D3-CAEB5000F4BA}.AppStore|iPhoneSimulator.Deploy.0 = AppStore|iPhoneSimulator
		{62A41301-74C6-4DD7-87D3-CAEB5000F4BA}.AppStore|Mixed Platforms.ActiveCfg = AppStore|iPhone
		{62A41301-74C6-4DD7-87D3-CAEB5000F4BA}.AppStore|Mixed Platforms.Build.0 = AppStore|iPhone
		{62A41301-74C6-4DD7-87D3-CAEB5000F4BA}.AppStore|Mixed Platforms.Deploy.0 = AppStore|iPhone
		{62A41301-74C6-4DD7-87D3-CAEB5000F4BA}.AppStore|x86.ActiveCfg = AppStore|iPhone
		{62A41301-74C6-4DD7-87D3-CAEB5000F4BA}.Debug|Any CPU.ActiveCfg = Debug|iPhone
		{62A41301-74C6-4DD7-87D3-CAEB5000F4BA}.Debug|ARM.ActiveCfg = Debug|iPhone
		{62A41301-74C6-4DD7-87D3-CAEB5000F4BA}.Debug|iPhone.ActiveCfg = Debug|iPhone
		{62A41301-74C6-4DD7-87D3-CAEB5000F4BA}.Debug|iPhone.Build.0 = Debug|iPhone
		{62A41301-74C6-4DD7-87D3-CAEB5000F4BA}.Debug|iPhone.Deploy.0 = Debug|iPhone
		{62A41301-74C6-4DD7-87D3-CAEB5000F4BA}.Debug|iPhoneSimulator.ActiveCfg = Debug|iPhoneSimulator
		{62A41301-74C6-4DD7-87D3-CAEB5000F4BA}.Debug|iPhoneSimulator.Build.0 = Debug|iPhoneSimulator
		{62A41301-74C6-4DD7-87D3-CAEB5000F4BA}.Debug|iPhoneSimulator.Deploy.0 = Debug|iPhoneSimulator
		{62A41301-74C6-4DD7-87D3-CAEB5000F4BA}.Debug|Mixed Platforms.ActiveCfg = Debug|iPhone
		{62A41301-74C6-4DD7-87D3-CAEB5000F4BA}.Debug|Mixed Platforms.Build.0 = Debug|iPhone
		{62A41301-74C6-4DD7-87D3-CAEB5000F4BA}.Debug|Mixed Platforms.Deploy.0 = Debug|iPhone
		{62A41301-74C6-4DD7-87D3-CAEB5000F4BA}.Debug|x86.ActiveCfg = Debug|iPhone
		{62A41301-74C6-4DD7-87D3-CAEB5000F4BA}.Release|Any CPU.ActiveCfg = Release|iPhone
		{62A41301-74C6-4DD7-87D3-CAEB5000F4BA}.Release|ARM.ActiveCfg = Release|iPhone
		{62A41301-74C6-4DD7-87D3-CAEB5000F4BA}.Release|iPhone.ActiveCfg = Release|iPhone
		{62A41301-74C6-4DD7-87D3-CAEB5000F4BA}.Release|iPhone.Build.0 = Release|iPhone
		{62A41301-74C6-4DD7-87D3-CAEB5000F4BA}.Release|iPhone.Deploy.0 = Release|iPhone
		{62A41301-74C6-4DD7-87D3-CAEB5000F4BA}.Release|iPhoneSimulator.ActiveCfg = Release|iPhoneSimulator
		{62A41301-74C6-4DD7-87D3-CAEB5000F4BA}.Release|iPhoneSimulator.Build.0 = Release|iPhoneSimulator
		{62A41301-74C6-4DD7-87D3-CAEB5000F4BA}.Release|iPhoneSimulator.Deploy.0 = Release|iPhoneSimulator
		{62A41301-74C6-4DD7-87D3-CAEB5000F4BA}.Release|Mixed Platforms.ActiveCfg = Release|iPhone
		{62A41301-74C6-4DD7-87D3-CAEB5000F4BA}.Release|Mixed Platforms.Build.0 = Release|iPhone
		{62A41301-74C6-4DD7-87D3-CAEB5000F4BA}.Release|Mixed Platforms.Deploy.0 = Release|iPhone
		{62A41301-74C6-4DD7-87D3-CAEB5000F4BA}.Release|x86.ActiveCfg = Release|iPhone
		{7B1C65AD-BB4A-4F87-B3AB-46AD4D70C90D}.Ad-Hoc|Any CPU.ActiveCfg = Release|Any CPU
		{7B1C65AD-BB4A-4F87-B3AB-46AD4D70C90D}.Ad-Hoc|Any CPU.Build.0 = Release|Any CPU
		{7B1C65AD-BB4A-4F87-B3AB-46AD4D70C90D}.Ad-Hoc|Any CPU.Deploy.0 = Release|Any CPU
		{7B1C65AD-BB4A-4F87-B3AB-46AD4D70C90D}.Ad-Hoc|ARM.ActiveCfg = Release|Any CPU
		{7B1C65AD-BB4A-4F87-B3AB-46AD4D70C90D}.Ad-Hoc|iPhone.ActiveCfg = Release|Any CPU
		{7B1C65AD-BB4A-4F87-B3AB-46AD4D70C90D}.Ad-Hoc|iPhoneSimulator.ActiveCfg = Release|Any CPU
		{7B1C65AD-BB4A-4F87-B3AB-46AD4D70C90D}.Ad-Hoc|Mixed Platforms.ActiveCfg = Release|Any CPU
		{7B1C65AD-BB4A-4F87-B3AB-46AD4D70C90D}.Ad-Hoc|Mixed Platforms.Build.0 = Release|Any CPU
		{7B1C65AD-BB4A-4F87-B3AB-46AD4D70C90D}.Ad-Hoc|Mixed Platforms.Deploy.0 = Release|Any CPU
		{7B1C65AD-BB4A-4F87-B3AB-46AD4D70C90D}.Ad-Hoc|x86.ActiveCfg = Release|Any CPU
		{7B1C65AD-BB4A-4F87-B3AB-46AD4D70C90D}.AppStore|Any CPU.ActiveCfg = Release|Any CPU
		{7B1C65AD-BB4A-4F87-B3AB-46AD4D70C90D}.AppStore|Any CPU.Build.0 = Release|Any CPU
		{7B1C65AD-BB4A-4F87-B3AB-46AD4D70C90D}.AppStore|Any CPU.Deploy.0 = Release|Any CPU
		{7B1C65AD-BB4A-4F87-B3AB-46AD4D70C90D}.AppStore|ARM.ActiveCfg = Release|Any CPU
		{7B1C65AD-BB4A-4F87-B3AB-46AD4D70C90D}.AppStore|iPhone.ActiveCfg = Release|Any CPU
		{7B1C65AD-BB4A-4F87-B3AB-46AD4D70C90D}.AppStore|iPhoneSimulator.ActiveCfg = Release|Any CPU
		{7B1C65AD-BB4A-4F87-B3AB-46AD4D70C90D}.AppStore|Mixed Platforms.ActiveCfg = Release|Any CPU
		{7B1C65AD-BB4A-4F87-B3AB-46AD4D70C90D}.AppStore|Mixed Platforms.Build.0 = Release|Any CPU
		{7B1C65AD-BB4A-4F87-B3AB-46AD4D70C90D}.AppStore|Mixed Platforms.Deploy.0 = Release|Any CPU
		{7B1C65AD-BB4A-4F87-B3AB-46AD4D70C90D}.AppStore|x86.ActiveCfg = Release|Any CPU
		{7B1C65AD-BB4A-4F87-B3AB-46AD4D70C90D}.Debug|Any CPU.ActiveCfg = Debug|Any CPU
		{7B1C65AD-BB4A-4F87-B3AB-46AD4D70C90D}.Debug|Any CPU.Build.0 = Debug|Any CPU
		{7B1C65AD-BB4A-4F87-B3AB-46AD4D70C90D}.Debug|Any CPU.Deploy.0 = Debug|Any CPU
		{7B1C65AD-BB4A-4F87-B3AB-46AD4D70C90D}.Debug|ARM.ActiveCfg = Debug|Any CPU
		{7B1C65AD-BB4A-4F87-B3AB-46AD4D70C90D}.Debug|iPhone.ActiveCfg = Debug|Any CPU
		{7B1C65AD-BB4A-4F87-B3AB-46AD4D70C90D}.Debug|iPhoneSimulator.ActiveCfg = Debug|Any CPU
		{7B1C65AD-BB4A-4F87-B3AB-46AD4D70C90D}.Debug|Mixed Platforms.ActiveCfg = Debug|Any CPU
		{7B1C65AD-BB4A-4F87-B3AB-46AD4D70C90D}.Debug|Mixed Platforms.Build.0 = Debug|Any CPU
		{7B1C65AD-BB4A-4F87-B3AB-46AD4D70C90D}.Debug|Mixed Platforms.Deploy.0 = Debug|Any CPU
		{7B1C65AD-BB4A-4F87-B3AB-46AD4D70C90D}.Debug|x86.ActiveCfg = Debug|Any CPU
		{7B1C65AD-BB4A-4F87-B3AB-46AD4D70C90D}.Release|Any CPU.ActiveCfg = Release|Any CPU
		{7B1C65AD-BB4A-4F87-B3AB-46AD4D70C90D}.Release|Any CPU.Build.0 = Release|Any CPU
		{7B1C65AD-BB4A-4F87-B3AB-46AD4D70C90D}.Release|Any CPU.Deploy.0 = Release|Any CPU
		{7B1C65AD-BB4A-4F87-B3AB-46AD4D70C90D}.Release|ARM.ActiveCfg = Release|Any CPU
		{7B1C65AD-BB4A-4F87-B3AB-46AD4D70C90D}.Release|iPhone.ActiveCfg = Release|Any CPU
		{7B1C65AD-BB4A-4F87-B3AB-46AD4D70C90D}.Release|iPhoneSimulator.ActiveCfg = Release|Any CPU
		{7B1C65AD-BB4A-4F87-B3AB-46AD4D70C90D}.Release|Mixed Platforms.ActiveCfg = Release|Any CPU
		{7B1C65AD-BB4A-4F87-B3AB-46AD4D70C90D}.Release|Mixed Platforms.Build.0 = Release|Any CPU
		{7B1C65AD-BB4A-4F87-B3AB-46AD4D70C90D}.Release|Mixed Platforms.Deploy.0 = Release|Any CPU
		{7B1C65AD-BB4A-4F87-B3AB-46AD4D70C90D}.Release|x86.ActiveCfg = Release|Any CPU
		{80D430AA-9183-4E98-943B-B64B58694C96}.Ad-Hoc|Any CPU.ActiveCfg = Release|Any CPU
		{80D430AA-9183-4E98-943B-B64B58694C96}.Ad-Hoc|Any CPU.Build.0 = Release|Any CPU
		{80D430AA-9183-4E98-943B-B64B58694C96}.Ad-Hoc|Any CPU.Deploy.0 = Release|Any CPU
		{80D430AA-9183-4E98-943B-B64B58694C96}.Ad-Hoc|ARM.ActiveCfg = Release|ARM
		{80D430AA-9183-4E98-943B-B64B58694C96}.Ad-Hoc|ARM.Build.0 = Release|ARM
		{80D430AA-9183-4E98-943B-B64B58694C96}.Ad-Hoc|ARM.Deploy.0 = Release|ARM
		{80D430AA-9183-4E98-943B-B64B58694C96}.Ad-Hoc|iPhone.ActiveCfg = Release|Any CPU
		{80D430AA-9183-4E98-943B-B64B58694C96}.Ad-Hoc|iPhoneSimulator.ActiveCfg = Release|Any CPU
		{80D430AA-9183-4E98-943B-B64B58694C96}.Ad-Hoc|Mixed Platforms.ActiveCfg = Release|x86
		{80D430AA-9183-4E98-943B-B64B58694C96}.Ad-Hoc|Mixed Platforms.Build.0 = Release|x86
		{80D430AA-9183-4E98-943B-B64B58694C96}.Ad-Hoc|Mixed Platforms.Deploy.0 = Release|x86
		{80D430AA-9183-4E98-943B-B64B58694C96}.Ad-Hoc|x86.ActiveCfg = Release|x86
		{80D430AA-9183-4E98-943B-B64B58694C96}.Ad-Hoc|x86.Build.0 = Release|x86
		{80D430AA-9183-4E98-943B-B64B58694C96}.Ad-Hoc|x86.Deploy.0 = Release|x86
		{80D430AA-9183-4E98-943B-B64B58694C96}.AppStore|Any CPU.ActiveCfg = Release|Any CPU
		{80D430AA-9183-4E98-943B-B64B58694C96}.AppStore|Any CPU.Build.0 = Release|Any CPU
		{80D430AA-9183-4E98-943B-B64B58694C96}.AppStore|Any CPU.Deploy.0 = Release|Any CPU
		{80D430AA-9183-4E98-943B-B64B58694C96}.AppStore|ARM.ActiveCfg = Release|ARM
		{80D430AA-9183-4E98-943B-B64B58694C96}.AppStore|ARM.Build.0 = Release|ARM
		{80D430AA-9183-4E98-943B-B64B58694C96}.AppStore|ARM.Deploy.0 = Release|ARM
		{80D430AA-9183-4E98-943B-B64B58694C96}.AppStore|iPhone.ActiveCfg = Release|Any CPU
		{80D430AA-9183-4E98-943B-B64B58694C96}.AppStore|iPhoneSimulator.ActiveCfg = Release|Any CPU
		{80D430AA-9183-4E98-943B-B64B58694C96}.AppStore|Mixed Platforms.ActiveCfg = Release|x86
		{80D430AA-9183-4E98-943B-B64B58694C96}.AppStore|Mixed Platforms.Build.0 = Release|x86
		{80D430AA-9183-4E98-943B-B64B58694C96}.AppStore|Mixed Platforms.Deploy.0 = Release|x86
		{80D430AA-9183-4E98-943B-B64B58694C96}.AppStore|x86.ActiveCfg = Release|x86
		{80D430AA-9183-4E98-943B-B64B58694C96}.AppStore|x86.Build.0 = Release|x86
		{80D430AA-9183-4E98-943B-B64B58694C96}.AppStore|x86.Deploy.0 = Release|x86
		{80D430AA-9183-4E98-943B-B64B58694C96}.Debug|Any CPU.ActiveCfg = Debug|Any CPU
		{80D430AA-9183-4E98-943B-B64B58694C96}.Debug|Any CPU.Build.0 = Debug|Any CPU
		{80D430AA-9183-4E98-943B-B64B58694C96}.Debug|Any CPU.Deploy.0 = Debug|Any CPU
		{80D430AA-9183-4E98-943B-B64B58694C96}.Debug|ARM.ActiveCfg = Debug|ARM
		{80D430AA-9183-4E98-943B-B64B58694C96}.Debug|ARM.Build.0 = Debug|ARM
		{80D430AA-9183-4E98-943B-B64B58694C96}.Debug|ARM.Deploy.0 = Debug|ARM
		{80D430AA-9183-4E98-943B-B64B58694C96}.Debug|iPhone.ActiveCfg = Debug|Any CPU
		{80D430AA-9183-4E98-943B-B64B58694C96}.Debug|iPhoneSimulator.ActiveCfg = Debug|Any CPU
		{80D430AA-9183-4E98-943B-B64B58694C96}.Debug|Mixed Platforms.ActiveCfg = Debug|x86
		{80D430AA-9183-4E98-943B-B64B58694C96}.Debug|Mixed Platforms.Build.0 = Debug|x86
		{80D430AA-9183-4E98-943B-B64B58694C96}.Debug|Mixed Platforms.Deploy.0 = Debug|x86
		{80D430AA-9183-4E98-943B-B64B58694C96}.Debug|x86.ActiveCfg = Debug|x86
		{80D430AA-9183-4E98-943B-B64B58694C96}.Debug|x86.Build.0 = Debug|x86
		{80D430AA-9183-4E98-943B-B64B58694C96}.Debug|x86.Deploy.0 = Debug|x86
		{80D430AA-9183-4E98-943B-B64B58694C96}.Release|Any CPU.ActiveCfg = Release|Any CPU
		{80D430AA-9183-4E98-943B-B64B58694C96}.Release|Any CPU.Build.0 = Release|Any CPU
		{80D430AA-9183-4E98-943B-B64B58694C96}.Release|Any CPU.Deploy.0 = Release|Any CPU
		{80D430AA-9183-4E98-943B-B64B58694C96}.Release|ARM.ActiveCfg = Release|ARM
		{80D430AA-9183-4E98-943B-B64B58694C96}.Release|ARM.Build.0 = Release|ARM
		{80D430AA-9183-4E98-943B-B64B58694C96}.Release|ARM.Deploy.0 = Release|ARM
		{80D430AA-9183-4E98-943B-B64B58694C96}.Release|iPhone.ActiveCfg = Release|Any CPU
		{80D430AA-9183-4E98-943B-B64B58694C96}.Release|iPhoneSimulator.ActiveCfg = Release|Any CPU
		{80D430AA-9183-4E98-943B-B64B58694C96}.Release|Mixed Platforms.ActiveCfg = Release|x86
		{80D430AA-9183-4E98-943B-B64B58694C96}.Release|Mixed Platforms.Build.0 = Release|x86
		{80D430AA-9183-4E98-943B-B64B58694C96}.Release|Mixed Platforms.Deploy.0 = Release|x86
		{80D430AA-9183-4E98-943B-B64B58694C96}.Release|x86.ActiveCfg = Release|x86
		{80D430AA-9183-4E98-943B-B64B58694C96}.Release|x86.Build.0 = Release|x86
		{80D430AA-9183-4E98-943B-B64B58694C96}.Release|x86.Deploy.0 = Release|x86
	EndGlobalSection
	GlobalSection(NestedProjects) = preSolution
	EndGlobalSection
	GlobalSection(SolutionProperties) = preSolution
		HideSolutionNode = FALSE
	EndGlobalSection
EndGlobal
